PODS:
  - AFNetworking (2.2.4):
    - AFNetworking/NSURLConnection
    - AFNetworking/NSURLSession
    - AFNetworking/Reachability
    - AFNetworking/Security
    - AFNetworking/Serialization
    - AFNetworking/UIKit
  - AFNetworking/NSURLConnection (2.2.4):
    - AFNetworking/Reachability
    - AFNetworking/Security
    - AFNetworking/Serialization
  - AFNetworking/NSURLSession (2.2.4):
    - AFNetworking/NSURLConnection
  - AFNetworking/Reachability (2.2.4)
  - AFNetworking/Security (2.2.4)
  - AFNetworking/Serialization (2.2.4)
  - AFNetworking/UIKit (2.2.4):
    - AFNetworking/NSURLConnection
    - AFNetworking/NSURLSession
  - Backbeam (1.0.0):
    - AFNetworking (~> 2.2.3)
    - socket.IO (~> 0.5.2)
  - socket.IO (0.5.2):
    - SocketRocket (~> 0.2)
  - SocketRocket (0.3.1-beta2)

DEPENDENCIES:
  - Backbeam (~> 1.0.0)

SPEC CHECKSUMS:
  AFNetworking: ab63e259fe91eef4519b371ef0a4955af0e73e64
  Backbeam: a8af43273bbd2711f8e06053353f6d3f57cbd6ab
  socket.IO: db3e71805c862038ab73209dda2b0ad6babc54b2
  SocketRocket: 79a68ae186063c65e1fe6f638b1ae2927aa5f304

COCOAPODS: 0.33.1
