// !$*UTF8*$!
{
	archiveVersion = 1;
	classes = {
	};
	objectVersion = 46;
	objects = {

/* Begin PBXBuildFile section */
		1A2F1B11198A8473003B2472 /* HMACAlgorithm.swift in Sources */ = {isa = PBXBuildFile; fileRef = 1A2F1B10198A8473003B2472 /* HMACAlgorithm.swift */; };
		1A2F1B12198A851A003B2472 /* HMACAlgorithm.swift in Sources */ = {isa = PBXBuildFile; fileRef = 1A2F1B10198A8473003B2472 /* HMACAlgorithm.swift */; };
		1A8E881D1986A216004221AD /* AppDelegate.swift in Sources */ = {isa = PBXBuildFile; fileRef = 1A8E881C1986A216004221AD /* AppDelegate.swift */; };
		1A8E881F1986A216004221AD /* ViewController.swift in Sources */ = {isa = PBXBuildFile; fileRef = 1A8E881E1986A216004221AD /* ViewController.swift */; };
		1A8E88221986A216004221AD /* Main.storyboard in Resources */ = {isa = PBXBuildFile; fileRef = 1A8E88201986A216004221AD /* Main.storyboard */; };
		1A8E88241986A216004221AD /* Images.xcassets in Resources */ = {isa = PBXBuildFile; fileRef = 1A8E88231986A216004221AD /* Images.xcassets */; };
		1A8E88301986A216004221AD /* backbeamTests.swift in Sources */ = {isa = PBXBuildFile; fileRef = 1A8E882F1986A216004221AD /* backbeamTests.swift */; };
		1A8E883A1986A277004221AD /* BBBackbeamRequest.swift in Sources */ = {isa = PBXBuildFile; fileRef = 1A8E88391986A277004221AD /* BBBackbeamRequest.swift */; };
		1AAF5D82198A30980064C1AF /* BBBackbeamRequest.swift in Sources */ = {isa = PBXBuildFile; fileRef = 1A8E88391986A277004221AD /* BBBackbeamRequest.swift */; };
/* End PBXBuildFile section */

/* Begin PBXContainerItemProxy section */
		1A8E882A1986A216004221AD /* PBXContainerItemProxy */ = {
			isa = PBXContainerItemProxy;
			containerPortal = 1A8E880F1986A216004221AD /* Project object */;
			proxyType = 1;
			remoteGlobalIDString = 1A8E88161986A216004221AD;
			remoteInfo = backbeam;
		};
/* End PBXContainerItemProxy section */

/* Begin PBXFileReference section */
		1A2F1B10198A8473003B2472 /* HMACAlgorithm.swift */ = {isa = PBXFileReference; fileEncoding = 4; lastKnownFileType = sourcecode.swift; path = HMACAlgorithm.swift; sourceTree = "<group>"; };
		1A2F1B13198A8A4B003B2472 /* backbeamTests-Bridging-Header.h */ = {isa = PBXFileReference; lastKnownFileType = sourcecode.c.h; path = "backbeamTests-Bridging-Header.h"; sourceTree = "<group>"; };
		1A8E88171986A216004221AD /* backbeam.app */ = {isa = PBXFileReference; explicitFileType = wrapper.application; includeInIndex = 0; path = backbeam.app; sourceTree = BUILT_PRODUCTS_DIR; };
		1A8E881B1986A216004221AD /* Info.plist */ = {isa = PBXFileReference; lastKnownFileType = text.plist.xml; path = Info.plist; sourceTree = "<group>"; };
		1A8E881C1986A216004221AD /* AppDelegate.swift */ = {isa = PBXFileReference; lastKnownFileType = sourcecode.swift; path = AppDelegate.swift; sourceTree = "<group>"; };
		1A8E881E1986A216004221AD /* ViewController.swift */ = {isa = PBXFileReference; lastKnownFileType = sourcecode.swift; path = ViewController.swift; sourceTree = "<group>"; };
		1A8E88211986A216004221AD /* Base */ = {isa = PBXFileReference; lastKnownFileType = file.storyboard; name = Base; path = Base.lproj/Main.storyboard; sourceTree = "<group>"; };
		1A8E88231986A216004221AD /* Images.xcassets */ = {isa = PBXFileReference; lastKnownFileType = folder.assetcatalog; path = Images.xcassets; sourceTree = "<group>"; };
		1A8E88291986A216004221AD /* backbeamTests.xctest */ = {isa = PBXFileReference; explicitFileType = wrapper.cfbundle; includeInIndex = 0; path = backbeamTests.xctest; sourceTree = BUILT_PRODUCTS_DIR; };
		1A8E882E1986A216004221AD /* Info.plist */ = {isa = PBXFileReference; lastKnownFileType = text.plist.xml; path = Info.plist; sourceTree = "<group>"; };
		1A8E882F1986A216004221AD /* backbeamTests.swift */ = {isa = PBXFileReference; lastKnownFileType = sourcecode.swift; path = backbeamTests.swift; sourceTree = "<group>"; };
		1A8E88391986A277004221AD /* BBBackbeamRequest.swift */ = {isa = PBXFileReference; fileEncoding = 4; lastKnownFileType = sourcecode.swift; path = BBBackbeamRequest.swift; sourceTree = "<group>"; };
		1A8E886A19874D81004221AD /* MyPlayground.playground */ = {isa = PBXFileReference; lastKnownFileType = file.playground; path = MyPlayground.playground; sourceTree = "<group>"; };
		1AAF5D83198A81380064C1AF /* backbeam-Bridging-Header.h */ = {isa = PBXFileReference; lastKnownFileType = sourcecode.c.h; path = "backbeam-Bridging-Header.h"; sourceTree = "<group>"; };
/* End PBXFileReference section */

/* Begin PBXFrameworksBuildPhase section */
		1A8E88141986A216004221AD /* Frameworks */ = {
			isa = PBXFrameworksBuildPhase;
			buildActionMask = 2147483647;
			files = (
			);
			runOnlyForDeploymentPostprocessing = 0;
		};
		1A8E88261986A216004221AD /* Frameworks */ = {
			isa = PBXFrameworksBuildPhase;
			buildActionMask = 2147483647;
			files = (
			);
			runOnlyForDeploymentPostprocessing = 0;
		};
/* End PBXFrameworksBuildPhase section */

/* Begin PBXGroup section */
		1A2F1B17198A8AA8003B2472 /* Classes */ = {
			isa = PBXGroup;
			children = (
				1A8E88391986A277004221AD /* BBBackbeamRequest.swift */,
				1A2F1B10198A8473003B2472 /* HMACAlgorithm.swift */,
			);
			name = Classes;
			path = backbeam;
			sourceTree = "<group>";
		};
		1A8E880E1986A216004221AD = {
			isa = PBXGroup;
			children = (
				1A2F1B17198A8AA8003B2472 /* Classes */,
				1A8E88191986A216004221AD /* backbeam */,
				1A8E882C1986A216004221AD /* backbeamTests */,
				1A8E88181986A216004221AD /* Products */,
			);
			sourceTree = "<group>";
		};
		1A8E88181986A216004221AD /* Products */ = {
			isa = PBXGroup;
			children = (
				1A8E88171986A216004221AD /* backbeam.app */,
				1A8E88291986A216004221AD /* backbeamTests.xctest */,
			);
			name = Products;
			sourceTree = "<group>";
		};
		1A8E88191986A216004221AD /* backbeam */ = {
			isa = PBXGroup;
			children = (
				1A8E881C1986A216004221AD /* AppDelegate.swift */,
				1A8E881E1986A216004221AD /* ViewController.swift */,
				1A8E88201986A216004221AD /* Main.storyboard */,
				1A8E88231986A216004221AD /* Images.xcassets */,
				1AAF5D83198A81380064C1AF /* backbeam-Bridging-Header.h */,
				1A8E881A1986A216004221AD /* Supporting Files */,
				1A8E886A19874D81004221AD /* MyPlayground.playground */,
			);
			path = backbeam;
			sourceTree = "<group>";
		};
		1A8E881A1986A216004221AD /* Supporting Files */ = {
			isa = PBXGroup;
			children = (
				1A8E881B1986A216004221AD /* Info.plist */,
			);
			name = "Supporting Files";
			sourceTree = "<group>";
		};
		1A8E882C1986A216004221AD /* backbeamTests */ = {
			isa = PBXGroup;
			children = (
				1A8E882F1986A216004221AD /* backbeamTests.swift */,
				1A2F1B13198A8A4B003B2472 /* backbeamTests-Bridging-Header.h */,
				1A8E882D1986A216004221AD /* Supporting Files */,
			);
			path = backbeamTests;
			sourceTree = "<group>";
		};
		1A8E882D1986A216004221AD /* Supporting Files */ = {
			isa = PBXGroup;
			children = (
				1A8E882E1986A216004221AD /* Info.plist */,
			);
			name = "Supporting Files";
			sourceTree = "<group>";
		};
/* End PBXGroup section */

/* Begin PBXNativeTarget section */
		1A8E88161986A216004221AD /* backbeam */ = {
			isa = PBXNativeTarget;
			buildConfigurationList = 1A8E88331986A216004221AD /* Build configuration list for PBXNativeTarget "backbeam" */;
			buildPhases = (
				1A8E88131986A216004221AD /* Sources */,
				1A8E88141986A216004221AD /* Frameworks */,
				1A8E88151986A216004221AD /* Resources */,
			);
			buildRules = (
			);
			dependencies = (
			);
			name = backbeam;
			productName = backbeam;
			productReference = 1A8E88171986A216004221AD /* backbeam.app */;
			productType = "com.apple.product-type.application";
		};
		1A8E88281986A216004221AD /* backbeamTests */ = {
			isa = PBXNativeTarget;
			buildConfigurationList = 1A8E88361986A216004221AD /* Build configuration list for PBXNativeTarget "backbeamTests" */;
			buildPhases = (
				1A8E88251986A216004221AD /* Sources */,
				1A8E88261986A216004221AD /* Frameworks */,
				1A8E88271986A216004221AD /* Resources */,
			);
			buildRules = (
			);
			dependencies = (
				1A8E882B1986A216004221AD /* PBXTargetDependency */,
			);
			name = backbeamTests;
			productName = backbeamTests;
			productReference = 1A8E88291986A216004221AD /* backbeamTests.xctest */;
			productType = "com.apple.product-type.bundle.unit-test";
		};
/* End PBXNativeTarget section */

/* Begin PBXProject section */
		1A8E880F1986A216004221AD /* Project object */ = {
			isa = PBXProject;
			attributes = {
				LastUpgradeCheck = 0600;
				ORGANIZATIONNAME = "James Tang";
				TargetAttributes = {
					1A8E88161986A216004221AD = {
						CreatedOnToolsVersion = 6.0;
					};
					1A8E88281986A216004221AD = {
						CreatedOnToolsVersion = 6.0;
						TestTargetID = 1A8E88161986A216004221AD;
					};
				};
			};
			buildConfigurationList = 1A8E88121986A216004221AD /* Build configuration list for PBXProject "backbeam" */;
			compatibilityVersion = "Xcode 3.2";
			developmentRegion = English;
			hasScannedForEncodings = 0;
			knownRegions = (
				en,
				Base,
			);
			mainGroup = 1A8E880E1986A216004221AD;
			productRefGroup = 1A8E88181986A216004221AD /* Products */;
			projectDirPath = "";
			projectRoot = "";
			targets = (
				1A8E88161986A216004221AD /* backbeam */,
				1A8E88281986A216004221AD /* backbeamTests */,
			);
		};
/* End PBXProject section */

/* Begin PBXResourcesBuildPhase section */
		1A8E88151986A216004221AD /* Resources */ = {
			isa = PBXResourcesBuildPhase;
			buildActionMask = 2147483647;
			files = (
				1A8E88221986A216004221AD /* Main.storyboard in Resources */,
				1A8E88241986A216004221AD /* Images.xcassets in Resources */,
			);
			runOnlyForDeploymentPostprocessing = 0;
		};
		1A8E88271986A216004221AD /* Resources */ = {
			isa = PBXResourcesBuildPhase;
			buildActionMask = 2147483647;
			files = (
			);
			runOnlyForDeploymentPostprocessing = 0;
		};
/* End PBXResourcesBuildPhase section */

/* Begin PBXSourcesBuildPhase section */
		1A8E88131986A216004221AD /* Sources */ = {
			isa = PBXSourcesBuildPhase;
			buildActionMask = 2147483647;
			files = (
				1A8E881F1986A216004221AD /* ViewController.swift in Sources */,
				1A8E883A1986A277004221AD /* BBBackbeamRequest.swift in Sources */,
				1A2F1B11198A8473003B2472 /* HMACAlgorithm.swift in Sources */,
				1A8E881D1986A216004221AD /* AppDelegate.swift in Sources */,
			);
			runOnlyForDeploymentPostprocessing = 0;
		};
		1A8E88251986A216004221AD /* Sources */ = {
			isa = PBXSourcesBuildPhase;
			buildActionMask = 2147483647;
			files = (
				1A2F1B12198A851A003B2472 /* HMACAlgorithm.swift in Sources */,
				1A8E88301986A216004221AD /* backbeamTests.swift in Sources */,
				1AAF5D82198A30980064C1AF /* BBBackbeamRequest.swift in Sources */,
			);
			runOnlyForDeploymentPostprocessing = 0;
		};
/* End PBXSourcesBuildPhase section */

/* Begin PBXTargetDependency section */
		1A8E882B1986A216004221AD /* PBXTargetDependency */ = {
			isa = PBXTargetDependency;
			target = 1A8E88161986A216004221AD /* backbeam */;
			targetProxy = 1A8E882A1986A216004221AD /* PBXContainerItemProxy */;
		};
/* End PBXTargetDependency section */

/* Begin PBXVariantGroup section */
		1A8E88201986A216004221AD /* Main.storyboard */ = {
			isa = PBXVariantGroup;
			children = (
				1A8E88211986A216004221AD /* Base */,
			);
			name = Main.storyboard;
			sourceTree = "<group>";
		};
/* End PBXVariantGroup section */

/* Begin XCBuildConfiguration section */
		1A8E88311986A216004221AD /* Debug */ = {
			isa = XCBuildConfiguration;
			buildSettings = {
				ALWAYS_SEARCH_USER_PATHS = NO;
				CLANG_CXX_LANGUAGE_STANDARD = "gnu++0x";
				CLANG_CXX_LIBRARY = "libc++";
				CLANG_ENABLE_MODULES = YES;
				CLANG_ENABLE_OBJC_ARC = YES;
				CLANG_WARN_BOOL_CONVERSION = YES;
				CLANG_WARN_CONSTANT_CONVERSION = YES;
				CLANG_WARN_DIRECT_OBJC_ISA_USAGE = YES_ERROR;
				CLANG_WARN_EMPTY_BODY = YES;
				CLANG_WARN_ENUM_CONVERSION = YES;
				CLANG_WARN_INT_CONVERSION = YES;
				CLANG_WARN_OBJC_ROOT_CLASS = YES_ERROR;
				CLANG_WARN_UNREACHABLE_CODE = YES;
				CLANG_WARN__DUPLICATE_METHOD_MATCH = YES;
				"CODE_SIGN_IDENTITY[sdk=iphoneos*]" = "iPhone Developer";
				COPY_PHASE_STRIP = NO;
				ENABLE_STRICT_OBJC_MSGSEND = YES;
				GCC_C_LANGUAGE_STANDARD = gnu99;
				GCC_DYNAMIC_NO_PIC = NO;
				GCC_OPTIMIZATION_LEVEL = 0;
				GCC_PREPROCESSOR_DEFINITIONS = (
					"DEBUG=1",
					"$(inherited)",
				);
				GCC_SYMBOLS_PRIVATE_EXTERN = NO;
				GCC_WARN_64_TO_32_BIT_CONVERSION = YES;
				GCC_WARN_ABOUT_RETURN_TYPE = YES_ERROR;
				GCC_WARN_UNDECLARED_SELECTOR = YES;
				GCC_WARN_UNINITIALIZED_AUTOS = YES_AGGRESSIVE;
				GCC_WARN_UNUSED_FUNCTION = YES;
				GCC_WARN_UNUSED_VARIABLE = YES;
				IPHONEOS_DEPLOYMENT_TARGET = 8.0;
				MTL_ENABLE_DEBUG_INFO = YES;
				ONLY_ACTIVE_ARCH = YES;
				SDKROOT = iphoneos;
				SWIFT_OPTIMIZATION_LEVEL = "-Onone";
			};
			name = Debug;
		};
		1A8E88321986A216004221AD /* Release */ = {
			isa = XCBuildConfiguration;
			buildSettings = {
				ALWAYS_SEARCH_USER_PATHS = NO;
				CLANG_CXX_LANGUAGE_STANDARD = "gnu++0x";
				CLANG_CXX_LIBRARY = "libc++";
				CLANG_ENABLE_MODULES = YES;
				CLANG_ENABLE_OBJC_ARC = YES;
				CLANG_WARN_BOOL_CONVERSION = YES;
				CLANG_WARN_CONSTANT_CONVERSION = YES;
				CLANG_WARN_DIRECT_OBJC_ISA_USAGE = YES_ERROR;
				CLANG_WARN_EMPTY_BODY = YES;
				CLANG_WARN_ENUM_CONVERSION = YES;
				CLANG_WARN_INT_CONVERSION = YES;
				CLANG_WARN_OBJC_ROOT_CLASS = YES_ERROR;
				CLANG_WARN_UNREACHABLE_CODE = YES;
				CLANG_WARN__DUPLICATE_METHOD_MATCH = YES;
				"CODE_SIGN_IDENTITY[sdk=iphoneos*]" = "iPhone Developer";
				COPY_PHASE_STRIP = YES;
				ENABLE_NS_ASSERTIONS = NO;
				ENABLE_STRICT_OBJC_MSGSEND = YES;
				GCC_C_LANGUAGE_STANDARD = gnu99;
				GCC_WARN_64_TO_32_BIT_CONVERSION = YES;
				GCC_WARN_ABOUT_RETURN_TYPE = YES_ERROR;
				GCC_WARN_UNDECLARED_SELECTOR = YES;
				GCC_WARN_UNINITIALIZED_AUTOS = YES_AGGRESSIVE;
				GCC_WARN_UNUSED_FUNCTION = YES;
				GCC_WARN_UNUSED_VARIABLE = YES;
				IPHONEOS_DEPLOYMENT_TARGET = 8.0;
				MTL_ENABLE_DEBUG_INFO = NO;
				SDKROOT = iphoneos;
				VALIDATE_PRODUCT = YES;
			};
			name = Release;
		};
		1A8E88341986A216004221AD /* Debug */ = {
			isa = XCBuildConfiguration;
			buildSettings = {
				ASSETCATALOG_COMPILER_APPICON_NAME = AppIcon;
				ASSETCATALOG_COMPILER_LAUNCHIMAGE_NAME = LaunchImage;
				CLANG_ENABLE_MODULES = YES;
				INFOPLIST_FILE = backbeam/Info.plist;
				LD_RUNPATH_SEARCH_PATHS = "$(inherited) @executable_path/Frameworks";
				PRODUCT_NAME = "$(TARGET_NAME)";
				SWIFT_OBJC_BRIDGING_HEADER = "backbeam/backbeam-Bridging-Header.h";
				SWIFT_OPTIMIZATION_LEVEL = "-Onone";
			};
			name = Debug;
		};
		1A8E88351986A216004221AD /* Release */ = {
			isa = XCBuildConfiguration;
			buildSettings = {
				ASSETCATALOG_COMPILER_APPICON_NAME = AppIcon;
				ASSETCATALOG_COMPILER_LAUNCHIMAGE_NAME = LaunchImage;
				CLANG_ENABLE_MODULES = YES;
				INFOPLIST_FILE = backbeam/Info.plist;
				LD_RUNPATH_SEARCH_PATHS = "$(inherited) @executable_path/Frameworks";
				PRODUCT_NAME = "$(TARGET_NAME)";
				SWIFT_OBJC_BRIDGING_HEADER = "backbeam/backbeam-Bridging-Header.h";
			};
			name = Release;
		};
		1A8E88371986A216004221AD /* Debug */ = {
			isa = XCBuildConfiguration;
			buildSettings = {
				BUNDLE_LOADER = "$(BUILT_PRODUCTS_DIR)/backbeam.app/backbeam";
				CLANG_ENABLE_MODULES = YES;
				FRAMEWORK_SEARCH_PATHS = (
					"$(SDKROOT)/Developer/Library/Frameworks",
					"$(inherited)",
				);
				GCC_PREPROCESSOR_DEFINITIONS = (
					"DEBUG=1",
					"$(inherited)",
				);
				INFOPLIST_FILE = backbeamTests/Info.plist;
				LD_RUNPATH_SEARCH_PATHS = "$(inherited) @executable_path/Frameworks @loader_path/Frameworks";
				PRODUCT_NAME = "$(TARGET_NAME)";
				SWIFT_OBJC_BRIDGING_HEADER = "backbeamTests/backbeamTests-Bridging-Header.h";
				SWIFT_OPTIMIZATION_LEVEL = "-Onone";
				TEST_HOST = "$(BUNDLE_LOADER)";
			};
			name = Debug;
		};
		1A8E88381986A216004221AD /* Release */ = {
			isa = XCBuildConfiguration;
			buildSettings = {
				BUNDLE_LOADER = "$(BUILT_PRODUCTS_DIR)/backbeam.app/backbeam";
				CLANG_ENABLE_MODULES = YES;
				FRAMEWORK_SEARCH_PATHS = (
					"$(SDKROOT)/Developer/Library/Frameworks",
					"$(inherited)",
				);
				INFOPLIST_FILE = backbeamTests/Info.plist;
				LD_RUNPATH_SEARCH_PATHS = "$(inherited) @executable_path/Frameworks @loader_path/Frameworks";
				PRODUCT_NAME = "$(TARGET_NAME)";
				SWIFT_OBJC_BRIDGING_HEADER = "backbeamTests/backbeamTests-Bridging-Header.h";
				TEST_HOST = "$(BUNDLE_LOADER)";
			};
			name = Release;
		};
/* End XCBuildConfiguration section */

/* Begin XCConfigurationList section */
		1A8E88121986A216004221AD /* Build configuration list for PBXProject "backbeam" */ = {
			isa = XCConfigurationList;
			buildConfigurations = (
				1A8E88311986A216004221AD /* Debug */,
				1A8E88321986A216004221AD /* Release */,
			);
			defaultConfigurationIsVisible = 0;
			defaultConfigurationName = Release;
		};
		1A8E88331986A216004221AD /* Build configuration list for PBXNativeTarget "backbeam" */ = {
			isa = XCConfigurationList;
			buildConfigurations = (
				1A8E88341986A216004221AD /* Debug */,
				1A8E88351986A216004221AD /* Release */,
			);
			defaultConfigurationIsVisible = 0;
			defaultConfigurationName = Release;
		};
		1A8E88361986A216004221AD /* Build configuration list for PBXNativeTarget "backbeamTests" */ = {
			isa = XCConfigurationList;
			buildConfigurations = (
				1A8E88371986A216004221AD /* Debug */,
				1A8E88381986A216004221AD /* Release */,
			);
			defaultConfigurationIsVisible = 0;
			defaultConfigurationName = Release;
		};
/* End XCConfigurationList section */
	};
	rootObject = 1A8E880F1986A216004221AD /* Project object */;
}
